
Microsoft Visual Studio Solution File, Format Version 12.00
# Visual Studio Version 17
VisualStudioVersion = 17.10.34928.147
MinimumVisualStudioVersion = 10.0.40219.1
Project("{9A19103F-16F7-4668-BE54-9A1E7A4F7556}") = "MPS.Synchronizer", "src\MPS.Synchronizer\MPS.Synchronizer.csproj", "{2D176122-0B21-48AA-BBC0-B8F7727684D7}"
EndProject
Project("{2150E333-8FDC-42A3-9474-1A3956D46DE8}") = "Infrastructure", "Infrastructure", "{ED472D22-F393-439E-B167-9A168EACE53C}"
EndProject
Project("{9A19103F-16F7-4668-BE54-9A1E7A4F7556}") = "MPS.Synchronizer.Persistence", "src\MPS.Synchronizer.Persistence\MPS.Synchronizer.Persistence.csproj", "{5942145C-9BC3-4241-B702-789021285F8F}"
EndProject
Project("{2150E333-8FDC-42A3-9474-1A3956D46DE8}") = "Core", "Core", "{782E5B4F-B760-482E-B7F5-7773BA38CC12}"
EndProject
Project("{9A19103F-16F7-4668-BE54-9A1E7A4F7556}") = "MPS.Synchronizer.Application", "src\MPS.Synchronizer.Application\MPS.Synchronizer.Application.csproj", "{DE953362-EA84-4AE3-9EE7-59C33599E79A}"
EndProject
Project("{9A19103F-16F7-4668-BE54-9A1E7A4F7556}") = "MPS.Synchronizer.Domain", "src\MPS.Synchronizer.Domain\MPS.Synchronizer.Domain.csproj", "{31E3F54C-EF68-4CC6-ACE7-E1416D5BC59F}"
EndProject
Global
	GlobalSection(SolutionConfigurationPlatforms) = preSolution
		Debug|Any CPU = Debug|Any CPU
		Release|Any CPU = Release|Any CPU
	EndGlobalSection
	GlobalSection(ProjectConfigurationPlatforms) = postSolution
		{2D176122-0B21-48AA-BBC0-B8F7727684D7}.Debug|Any CPU.ActiveCfg = Debug|Any CPU
		{2D176122-0B21-48AA-BBC0-B8F7727684D7}.Debug|Any CPU.Build.0 = Debug|Any CPU
		{2D176122-0B21-48AA-BBC0-B8F7727684D7}.Release|Any CPU.ActiveCfg = Release|Any CPU
		{2D176122-0B21-48AA-BBC0-B8F7727684D7}.Release|Any CPU.Build.0 = Release|Any CPU
		{5942145C-9BC3-4241-B702-789021285F8F}.Debug|Any CPU.ActiveCfg = Debug|Any CPU
		{5942145C-9BC3-4241-B702-789021285F8F}.Debug|Any CPU.Build.0 = Debug|Any CPU
		{5942145C-9BC3-4241-B702-789021285F8F}.Release|Any CPU.ActiveCfg = Release|Any CPU
		{5942145C-9BC3-4241-B702-789021285F8F}.Release|Any CPU.Build.0 = Release|Any CPU
		{DE953362-EA84-4AE3-9EE7-59C33599E79A}.Debug|Any CPU.ActiveCfg = Debug|Any CPU
		{DE953362-EA84-4AE3-9EE7-59C33599E79A}.Debug|Any CPU.Build.0 = Debug|Any CPU
		{DE953362-EA84-4AE3-9EE7-59C33599E79A}.Release|Any CPU.ActiveCfg = Release|Any CPU
		{DE953362-EA84-4AE3-9EE7-59C33599E79A}.Release|Any CPU.Build.0 = Release|Any CPU
		{31E3F54C-EF68-4CC6-ACE7-E1416D5BC59F}.Debug|Any CPU.ActiveCfg = Debug|Any CPU
		{31E3F54C-EF68-4CC6-ACE7-E1416D5BC59F}.Debug|Any CPU.Build.0 = Debug|Any CPU
		{31E3F54C-EF68-4CC6-ACE7-E1416D5BC59F}.Release|Any CPU.ActiveCfg = Release|Any CPU
		{31E3F54C-EF68-4CC6-ACE7-E1416D5BC59F}.Release|Any CPU.Build.0 = Release|Any CPU
	EndGlobalSection
	GlobalSection(SolutionProperties) = preSolution
		HideSolutionNode = FALSE
	EndGlobalSection
	GlobalSection(NestedProjects) = preSolution
		{5942145C-9BC3-4241-B702-789021285F8F} = {ED472D22-F393-439E-B167-9A168EACE53C}
		{DE953362-EA84-4AE3-9EE7-59C33599E79A} = {782E5B4F-B760-482E-B7F5-7773BA38CC12}
		{31E3F54C-EF68-4CC6-ACE7-E1416D5BC59F} = {782E5B4F-B760-482E-B7F5-7773BA38CC12}
	EndGlobalSection
	GlobalSection(ExtensibilityGlobals) = postSolution
		SolutionGuid = {51CD6429-776A-4498-9412-1DB67C271B0F}
	EndGlobalSection
EndGlobal
